
Microsoft Visual Studio Solution File, Format Version 12.00
# Visual Studio Version 17
VisualStudioVersion = 17.4.33205.214
MinimumVisualStudioVersion = 10.0.40219.1
Project("{FAE04EC0-301F-11D3-BF4B-00C04F79EFBC}") = "GestaoDepesas.API", "GestaoDepesas.API\GestaoDepesas.API.csproj", "{1508D594-486E-4C53-9987-291572B925A8}"
EndProject
Global
	GlobalSection(SolutionConfigurationPlatforms) = preSolution
		Debug|Any CPU = Debug|Any CPU
		Release|Any CPU = Release|Any CPU
	EndGlobalSection
	GlobalSection(ProjectConfigurationPlatforms) = postSolution
		{1508D594-486E-4C53-9987-291572B925A8}.Debug|Any CPU.ActiveCfg = Debug|Any CPU
		{1508D594-486E-4C53-9987-291572B925A8}.Debug|Any CPU.Build.0 = Debug|Any CPU
		{1508D594-486E-4C53-9987-291572B925A8}.Release|Any CPU.ActiveCfg = Release|Any CPU
		{1508D594-486E-4C53-9987-291572B925A8}.Release|Any CPU.Build.0 = Release|Any CPU
	EndGlobalSection
	GlobalSection(SolutionProperties) = preSolution
		HideSolutionNode = FALSE
	EndGlobalSection
	GlobalSection(ExtensibilityGlobals) = postSolution
		SolutionGuid = {3799F124-E164-4278-A389-CBA15F216E74}
	EndGlobalSection
EndGlobal
